<?xml version="1.0" encoding="utf-8"?>
<Project ToolsVersion="4.0" xmlns="http://schemas.microsoft.com/developer/msbuild/2003">
  <ItemGroup>
    <ClCompile Include="Animation\Animation.cpp" />
    <ClCompile Include="DebugBoxDraw\SFMLDebugDraw.cpp" />
    <ClCompile Include="DebugBoxDraw\WorldConstants.cpp" />
    <ClCompile Include="GameMachine\MainGameState.cpp" />
    <ClCompile Include="GameObjects\Actions\Action.cpp" />
    <ClCompile Include="GameObjects\Actions\MoveAction.cpp" />
    <ClCompile Include="GameObjects\Actions\ShootAction.cpp" />
    <ClCompile Include="GameObjects\ChildBearer.cpp" />
    <ClCompile Include="GameObjects\Defs\PlayerDefinition.cpp" />
    <ClCompile Include="GameObjects\Projectile\Bullet.cpp" />
    <ClCompile Include="GameObjects\GameObject.cpp" />
    <ClCompile Include="GameObjects\Player.cpp" />
    <ClCompile Include="GameObjects\Tile.cpp" />
    <ClCompile Include="GameObjects\TileMap.cpp" />
    <ClCompile Include="Keyboard\KeyboardManager.cpp" />
    <ClCompile Include="Main.cpp" />
    <ClCompile Include="Tiled\TiledLayerTile.cpp" />
    <ClCompile Include="Tiled\TiledLayer.cpp" />
    <ClCompile Include="Tiled\TiledMap.cpp" />
    <ClCompile Include="Tiled\TiledParser\TiledMapParser.cpp" />
    <ClCompile Include="Tiled\TiledTransform.cpp" />
    <ClCompile Include="GameObjects\Weapon\Pistol.cpp" />
    <ClCompile Include="GameObjects\Actions\AimAction.cpp" />
    <ClCompile Include="Component\KeyboardInputComponent.cpp" />
    <ClCompile Include="Mouse\MouseManager.cpp" />
    <ClCompile Include="Component\RandomInputComponent.cpp" />
  </ItemGroup>
  <ItemGroup>
    <ClInclude Include="Animation\Animation.h" />
    <ClInclude Include="Catch\catch.hpp" />
    <ClInclude Include="Catch\catch_session.hpp" />
    <ClInclude Include="Catch\catch_with_main.hpp" />
    <ClInclude Include="Catch\external\clara.h" />
    <ClInclude Include="Catch\external\tbc_text_format.h" />
    <ClInclude Include="Catch\internal\catch_approx.hpp" />
    <ClInclude Include="Catch\internal\catch_assertionresult.h" />
    <ClInclude Include="Catch\internal\catch_assertionresult.hpp" />
    <ClInclude Include="Catch\internal\catch_capture.hpp" />
    <ClInclude Include="Catch\internal\catch_clara.h" />
    <ClInclude Include="Catch\internal\catch_commandline.hpp" />
    <ClInclude Include="Catch\internal\catch_common.h" />
    <ClInclude Include="Catch\internal\catch_common.hpp" />
    <ClInclude Include="Catch\internal\catch_compiler_capabilities.h" />
    <ClInclude Include="Catch\internal\catch_config.hpp" />
    <ClInclude Include="Catch\internal\catch_console_colour.hpp" />
    <ClInclude Include="Catch\internal\catch_console_colour_impl.hpp" />
    <ClInclude Include="Catch\internal\catch_context.h" />
    <ClInclude Include="Catch\internal\catch_context_impl.hpp" />
    <ClInclude Include="Catch\internal\catch_debugger.h" />
    <ClInclude Include="Catch\internal\catch_debugger.hpp" />
    <ClInclude Include="Catch\internal\catch_default_main.hpp" />
    <ClInclude Include="Catch\internal\catch_evaluate.hpp" />
    <ClInclude Include="Catch\internal\catch_exception_translator_registry.hpp" />
    <ClInclude Include="Catch\internal\catch_expression_lhs.hpp" />
    <ClInclude Include="Catch\internal\catch_fatal_condition.hpp" />
    <ClInclude Include="Catch\internal\catch_generators.hpp" />
    <ClInclude Include="Catch\internal\catch_generators_impl.hpp" />
    <ClInclude Include="Catch\internal\catch_impl.hpp" />
    <ClInclude Include="Catch\internal\catch_interfaces_capture.h" />
    <ClInclude Include="Catch\internal\catch_interfaces_config.h" />
    <ClInclude Include="Catch\internal\catch_interfaces_exception.h" />
    <ClInclude Include="Catch\internal\catch_interfaces_generators.h" />
    <ClInclude Include="Catch\internal\catch_interfaces_registry_hub.h" />
    <ClInclude Include="Catch\internal\catch_interfaces_reporter.h" />
    <ClInclude Include="Catch\internal\catch_interfaces_runner.h" />
    <ClInclude Include="Catch\internal\catch_interfaces_tag_alias_registry.h" />
    <ClInclude Include="Catch\internal\catch_interfaces_testcase.h" />
    <ClInclude Include="Catch\internal\catch_legacy_reporter_adapter.h" />
    <ClInclude Include="Catch\internal\catch_legacy_reporter_adapter.hpp" />
    <ClInclude Include="Catch\internal\catch_list.hpp" />
    <ClInclude Include="Catch\internal\catch_matchers.hpp" />
    <ClInclude Include="Catch\internal\catch_message.h" />
    <ClInclude Include="Catch\internal\catch_message.hpp" />
    <ClInclude Include="Catch\internal\catch_notimplemented_exception.h" />
    <ClInclude Include="Catch\internal\catch_notimplemented_exception.hpp" />
    <ClInclude Include="Catch\internal\catch_objc.hpp" />
    <ClInclude Include="Catch\internal\catch_objc_arc.hpp" />
    <ClInclude Include="Catch\internal\catch_option.hpp" />
    <ClInclude Include="Catch\internal\catch_platform.h" />
    <ClInclude Include="Catch\internal\catch_ptr.hpp" />
    <ClInclude Include="Catch\internal\catch_reenable_warnings.h" />
    <ClInclude Include="Catch\internal\catch_registry_hub.hpp" />
    <ClInclude Include="Catch\internal\catch_reporter_registrars.hpp" />
    <ClInclude Include="Catch\internal\catch_reporter_registry.hpp" />
    <ClInclude Include="Catch\internal\catch_result_builder.h" />
    <ClInclude Include="Catch\internal\catch_result_builder.hpp" />
    <ClInclude Include="Catch\internal\catch_result_type.h" />
    <ClInclude Include="Catch\internal\catch_run_context.hpp" />
    <ClInclude Include="Catch\internal\catch_section.h" />
    <ClInclude Include="Catch\internal\catch_section.hpp" />
    <ClInclude Include="Catch\internal\catch_section_info.h" />
    <ClInclude Include="Catch\internal\catch_section_info.hpp" />
    <ClInclude Include="Catch\internal\catch_stream.h" />
    <ClInclude Include="Catch\internal\catch_stream.hpp" />
    <ClInclude Include="Catch\internal\catch_streambuf.h" />
    <ClInclude Include="Catch\internal\catch_suppress_warnings.h" />
    <ClInclude Include="Catch\internal\catch_tag_alias.h" />
    <ClInclude Include="Catch\internal\catch_tag_alias_registry.h" />
    <ClInclude Include="Catch\internal\catch_tag_alias_registry.hpp" />
    <ClInclude Include="Catch\internal\catch_test_case_info.h" />
    <ClInclude Include="Catch\internal\catch_test_case_info.hpp" />
    <ClInclude Include="Catch\internal\catch_test_case_registry_impl.hpp" />
    <ClInclude Include="Catch\internal\catch_test_case_tracker.hpp" />
    <ClInclude Include="Catch\internal\catch_test_registry.hpp" />
    <ClInclude Include="Catch\internal\catch_test_spec.hpp" />
    <ClInclude Include="Catch\internal\catch_test_spec_parser.hpp" />
    <ClInclude Include="Catch\internal\catch_text.h" />
    <ClInclude Include="Catch\internal\catch_timer.h" />
    <ClInclude Include="Catch\internal\catch_timer.hpp" />
    <ClInclude Include="Catch\internal\catch_tostring.h" />
    <ClInclude Include="Catch\internal\catch_tostring.hpp" />
    <ClInclude Include="Catch\internal\catch_totals.hpp" />
    <ClInclude Include="Catch\internal\catch_version.h" />
    <ClInclude Include="Catch\internal\catch_version.hpp" />
    <ClInclude Include="Catch\internal\catch_wildcard_pattern.hpp" />
    <ClInclude Include="Catch\internal\catch_xmlwriter.hpp" />
    <ClInclude Include="Catch\reporters\catch_reporter_bases.hpp" />
    <ClInclude Include="Catch\reporters\catch_reporter_compact.hpp" />
    <ClInclude Include="Catch\reporters\catch_reporter_console.hpp" />
    <ClInclude Include="Catch\reporters\catch_reporter_junit.hpp" />
    <ClInclude Include="Catch\reporters\catch_reporter_multi.hpp" />
    <ClInclude Include="Catch\reporters\catch_reporter_teamcity.hpp" />
    <ClInclude Include="Catch\reporters\catch_reporter_xml.hpp" />
    <ClInclude Include="DebugBoxDraw\SFMLDebugDraw.h" />
    <ClInclude Include="DebugBoxDraw\WorldConstants.h" />
    <ClInclude Include="GameMachine\MainGameState.h" />
    <ClInclude Include="GameObjects\Actions\Action.h" />
    <ClInclude Include="GameObjects\Actions\MoveAction.h" />
    <ClInclude Include="GameObjects\Actions\ShootAction.h" />
    <ClInclude Include="GameObjects\ChildBearer.h" />
    <ClInclude Include="GameObjects\Defs\PlayerDefinition.h" />
    <ClInclude Include="GameObjects\Projectile\Bullet.h" />
    <ClInclude Include="GameObjects\GameObject.h" />
    <ClInclude Include="GameObjects\Player.h" />
    <ClInclude Include="GameObjects\Tile.h" />
    <ClInclude Include="GameObjects\TileMap.h" />
    <ClInclude Include="Keyboard\KeyboardListener.h" />
    <ClInclude Include="Keyboard\KeyboardManager.h" />
    <ClInclude Include="Mathematics\GameMath.h" />
    <ClInclude Include="Mouse\MouseListener.h" />
    <ClInclude Include="RapidXML\rapidxml.hpp" />
    <ClInclude Include="RapidXML\rapidxml_iterators.hpp" />
    <ClInclude Include="RapidXML\rapidxml_print.hpp" />
    <ClInclude Include="RapidXML\rapidxml_utils.hpp" />
    <ClInclude Include="Tiled\TiledLayerTile.h" />
    <ClInclude Include="Tiled\TiledLayer.h" />
    <ClInclude Include="Tiled\TiledImageTile.h" />
    <ClInclude Include="Tiled\TiledMap.h" />
    <ClInclude Include="Tiled\TiledParser\TiledMapParser.h" />
    <ClInclude Include="Tiled\TiledTransform.h" />
    <ClInclude Include="Updatable\Updatable.h" />
    <ClInclude Include="GameObjects\Projectile\Projectile.h" />
    <ClInclude Include="GameObjects\Weapon\Pistol.h" />
    <ClInclude Include="GameObjects\Weapon\Weapon.h" />
    <ClInclude Include="GameObjects\Actions\AimAction.h" />
    <ClInclude Include="Component\InputComponent.h" />
    <ClInclude Include="Component\KeyboardInputComponent.h" />
    <ClInclude Include="Mouse\MouseManager.h" />
    <ClInclude Include="Component\NullInputComponent.h" />
    <ClInclude Include="Component\RandomInputComponent.h" />
  </ItemGroup>
</Project>